{
  "name": "software-testing-assignment",
  "lockfileVersion": 3,
  "requires": true,
  "packages": {
    "": {
      "name": "software-testing-assignment",
      "devDependencies": {
        "@types/node": "^24",
        "software-testing-assignment": "git://github.com/otula/COMP.SE.200-2024-2025-1.git"
      }
    },
    "node_modules/@types/node": {
      "version": "24.10.0",
      "resolved": "https://registry.npmjs.org/@types/node/-/node-24.10.0.tgz",
      "integrity": "sha512-qzQZRBqkFsYyaSWXuEHc2WR9c0a0CXwiE5FWUvn7ZM+vdy1uZLfCunD38UzhuB7YN/J11ndbDBcTmOdxJo9Q7A==",
      "dev": true,
      "license": "MIT",
      "dependencies": {
        "undici-types": "~7.16.0"
      }
    },
    "node_modules/software-testing-assignment": {
      "version": "1.0.0",
      "resolved": "git+ssh://git@github.com/otula/COMP.SE.200-2024-2025-1.git#128f071c1dde7261e01d089ff4b0b5e84eef1fff",
      "dev": true,
      "license": "MIT"
    },
    "node_modules/undici-types": {
      "version": "7.16.0",
      "resolved": "https://registry.npmjs.org/undici-types/-/undici-types-7.16.0.tgz",
      "integrity": "sha512-Zz+aZWSj8LE6zoxD+xrjh4VfkIG8Ya6LvYkZqtUQGJPZjYl53ypCaUwWqo7eI0x66KBGeRo+mlBEkMSeSZ38Nw==",
      "dev": true,
      "license": "MIT"
    }
  }
}
